
Microsoft Visual Studio Solution File, Format Version 12.00
# Visual Studio Version 17
VisualStudioVersion = 17.4.33205.214
MinimumVisualStudioVersion = 10.0.40219.1
Project("{9A19103F-16F7-4668-BE54-9A1E7A4F7556}") = "BoschBootcamp", "BoschBootcamp.csproj", "{9BC3EA9E-F69A-4C10-AEE2-9F1C5C77BCC3}"
	ProjectSection(ProjectDependencies) = postProject
		{B8C6A01B-10DA-41E6-95D6-A1D0CCEDD767} = {B8C6A01B-10DA-41E6-95D6-A1D0CCEDD767}
	EndProjectSection
EndProject
Project("{9A19103F-16F7-4668-BE54-9A1E7A4F7556}") = "BoschBootcamp.EntityLayer", "..\BoschBootcamp.EntityLayer\BoschBootcamp.EntityLayer.csproj", "{74886FA4-167B-470E-96BA-2D3C4F5ECDB6}"
EndProject
Project("{9A19103F-16F7-4668-BE54-9A1E7A4F7556}") = "BoschBootcamp.DataAccessLayer", "..\BoschBootcamp.DataAccessLayer\BoschBootcamp.DataAccessLayer.csproj", "{83C89789-10FE-4852-9676-F4C1067894B2}"
	ProjectSection(ProjectDependencies) = postProject
		{B8C6A01B-10DA-41E6-95D6-A1D0CCEDD767} = {B8C6A01B-10DA-41E6-95D6-A1D0CCEDD767}
	EndProjectSection
EndProject
Project("{9A19103F-16F7-4668-BE54-9A1E7A4F7556}") = "BoschBootcamp.BusinessLayer", "..\BoschBootcamp.BusinessLayer\BoschBootcamp.BusinessLayer.csproj", "{8EAD352C-5AEC-4416-AA5B-C686878ED095}"
	ProjectSection(ProjectDependencies) = postProject
		{B8C6A01B-10DA-41E6-95D6-A1D0CCEDD767} = {B8C6A01B-10DA-41E6-95D6-A1D0CCEDD767}
	EndProjectSection
EndProject
Project("{FAE04EC0-301F-11D3-BF4B-00C04F79EFBC}") = "BoschBootcamp.DTOLayer", "..\BoschBootcamp.DTOLayer\BoschBootcamp.DTOLayer.csproj", "{B8C6A01B-10DA-41E6-95D6-A1D0CCEDD767}"
	ProjectSection(ProjectDependencies) = postProject
		{74886FA4-167B-470E-96BA-2D3C4F5ECDB6} = {74886FA4-167B-470E-96BA-2D3C4F5ECDB6}
	EndProjectSection
EndProject
Global
	GlobalSection(SolutionConfigurationPlatforms) = preSolution
		Debug|Any CPU = Debug|Any CPU
		Release|Any CPU = Release|Any CPU
	EndGlobalSection
	GlobalSection(ProjectConfigurationPlatforms) = postSolution
		{9BC3EA9E-F69A-4C10-AEE2-9F1C5C77BCC3}.Debug|Any CPU.ActiveCfg = Debug|Any CPU
		{9BC3EA9E-F69A-4C10-AEE2-9F1C5C77BCC3}.Debug|Any CPU.Build.0 = Debug|Any CPU
		{9BC3EA9E-F69A-4C10-AEE2-9F1C5C77BCC3}.Release|Any CPU.ActiveCfg = Release|Any CPU
		{9BC3EA9E-F69A-4C10-AEE2-9F1C5C77BCC3}.Release|Any CPU.Build.0 = Release|Any CPU
		{74886FA4-167B-470E-96BA-2D3C4F5ECDB6}.Debug|Any CPU.ActiveCfg = Debug|Any CPU
		{74886FA4-167B-470E-96BA-2D3C4F5ECDB6}.Debug|Any CPU.Build.0 = Debug|Any CPU
		{74886FA4-167B-470E-96BA-2D3C4F5ECDB6}.Release|Any CPU.ActiveCfg = Release|Any CPU
		{74886FA4-167B-470E-96BA-2D3C4F5ECDB6}.Release|Any CPU.Build.0 = Release|Any CPU
		{83C89789-10FE-4852-9676-F4C1067894B2}.Debug|Any CPU.ActiveCfg = Debug|Any CPU
		{83C89789-10FE-4852-9676-F4C1067894B2}.Debug|Any CPU.Build.0 = Debug|Any CPU
		{83C89789-10FE-4852-9676-F4C1067894B2}.Release|Any CPU.ActiveCfg = Release|Any CPU
		{83C89789-10FE-4852-9676-F4C1067894B2}.Release|Any CPU.Build.0 = Release|Any CPU
		{8EAD352C-5AEC-4416-AA5B-C686878ED095}.Debug|Any CPU.ActiveCfg = Debug|Any CPU
		{8EAD352C-5AEC-4416-AA5B-C686878ED095}.Debug|Any CPU.Build.0 = Debug|Any CPU
		{8EAD352C-5AEC-4416-AA5B-C686878ED095}.Release|Any CPU.ActiveCfg = Release|Any CPU
		{8EAD352C-5AEC-4416-AA5B-C686878ED095}.Release|Any CPU.Build.0 = Release|Any CPU
		{B8C6A01B-10DA-41E6-95D6-A1D0CCEDD767}.Debug|Any CPU.ActiveCfg = Debug|Any CPU
		{B8C6A01B-10DA-41E6-95D6-A1D0CCEDD767}.Debug|Any CPU.Build.0 = Debug|Any CPU
		{B8C6A01B-10DA-41E6-95D6-A1D0CCEDD767}.Release|Any CPU.ActiveCfg = Release|Any CPU
		{B8C6A01B-10DA-41E6-95D6-A1D0CCEDD767}.Release|Any CPU.Build.0 = Release|Any CPU
	EndGlobalSection
	GlobalSection(SolutionProperties) = preSolution
		HideSolutionNode = FALSE
	EndGlobalSection
	GlobalSection(ExtensibilityGlobals) = postSolution
		SolutionGuid = {5FD9BE24-70E3-465B-886E-2EF42B1D1E7B}
	EndGlobalSection
EndGlobal
